# This file was autogenerated by Stack.
# You should not edit this file by hand.
# For more information, please see the documentation at:
#   https://docs.haskellstack.org/en/stable/lock_files

packages:
- completed:
    hackage: Unique-0.4.7.9@sha256:7c37e22b7bb9df935c22112e67043177461aedcebe3a958854f6c0e9ecb54083,2155
    pantry-tree:
      sha256: 67d44a292c49ab6cf09225c05186f1ab64b359e965017d9d389411e4c79f0803
      size: 1366
  original:
    hackage: Unique-0.4.7.9@sha256:7c37e22b7bb9df935c22112e67043177461aedcebe3a958854f6c0e9ecb54083,2155
snapshots:
- completed:
    sha256: 0cd905bf3f615a7f52d52fb6aadda182f695bd1cab10ef892095d974676f0911
    size: 713334
    url: https://raw.githubusercontent.com/commercialhaskell/stackage-snapshots/master/lts/22/16.yaml
  original:
    url: https://raw.githubusercontent.com/commercialhaskell/stackage-snapshots/master/lts/22/16.yaml
